
Microsoft Visual Studio Solution File, Format Version 12.00
Project("{FAE04EC0-301F-11D3-BF4B-00C04F79EFBC}") = "MusicStreamingService", "MusicStreamingService\MusicStreamingService.csproj", "{87092CA1-7075-4D0D-A78F-3CE05B203365}"
EndProject
Project("{2150E333-8FDC-42A3-9474-1A3956D46DE8}") = "Solution Items", "Solution Items", "{3011D49A-8B57-4148-A091-9D739AC785E5}"
	ProjectSection(SolutionItems) = preProject
		compose.yaml = compose.yaml
	EndProjectSection
EndProject
Project("{FAE04EC0-301F-11D3-BF4B-00C04F79EFBC}") = "MusicStreamingService.Data", "MusicStreamingService.Data\MusicStreamingService.Data.csproj", "{53015292-8178-425C-A95C-098D152F137E}"
EndProject
Project("{2150E333-8FDC-42A3-9474-1A3956D46DE8}") = "Scripts", "Scripts", "{6FA7DFE7-386E-4375-83C2-8CEC385D2CFA}"
	ProjectSection(SolutionItems) = preProject
		scripts\add-migration.sh = scripts\add-migration.sh
	EndProjectSection
EndProject
Project("{2150E333-8FDC-42A3-9474-1A3956D46DE8}") = "Deployments", "Deployments", "{06F69527-BF26-45B9-B13C-00E208261F5C}"
	ProjectSection(SolutionItems) = preProject
		compose.yaml = compose.yaml
	EndProjectSection
EndProject
Project("{2150E333-8FDC-42A3-9474-1A3956D46DE8}") = "Env", "Env", "{6AA86A0B-5571-499F-94BC-1E9CA00C55E3}"
	ProjectSection(SolutionItems) = preProject
		env\postgres.env = env\postgres.env
		env\minio.env = env\minio.env
	EndProjectSection
EndProject
Project("{FAE04EC0-301F-11D3-BF4B-00C04F79EFBC}") = "MusicStreamingService.Infrastructure", "MusicStreamingService.Infrastructure\MusicStreamingService.Infrastructure.csproj", "{535EB76D-2AD2-4590-8DBA-A1FFBA14ABE3}"
EndProject
Project("{FAE04EC0-301F-11D3-BF4B-00C04F79EFBC}") = "MusicStreamingService.Common", "MusicStreamingService.Common\MusicStreamingService.Common\MusicStreamingService.Common.csproj", "{F92068E3-B714-4EAE-8D4A-51F4C73BCFFE}"
EndProject
Global
	GlobalSection(SolutionConfigurationPlatforms) = preSolution
		Debug|Any CPU = Debug|Any CPU
		Release|Any CPU = Release|Any CPU
	EndGlobalSection
	GlobalSection(ProjectConfigurationPlatforms) = postSolution
		{87092CA1-7075-4D0D-A78F-3CE05B203365}.Debug|Any CPU.ActiveCfg = Debug|Any CPU
		{87092CA1-7075-4D0D-A78F-3CE05B203365}.Debug|Any CPU.Build.0 = Debug|Any CPU
		{87092CA1-7075-4D0D-A78F-3CE05B203365}.Release|Any CPU.ActiveCfg = Release|Any CPU
		{87092CA1-7075-4D0D-A78F-3CE05B203365}.Release|Any CPU.Build.0 = Release|Any CPU
		{53015292-8178-425C-A95C-098D152F137E}.Debug|Any CPU.ActiveCfg = Debug|Any CPU
		{53015292-8178-425C-A95C-098D152F137E}.Debug|Any CPU.Build.0 = Debug|Any CPU
		{53015292-8178-425C-A95C-098D152F137E}.Release|Any CPU.ActiveCfg = Release|Any CPU
		{53015292-8178-425C-A95C-098D152F137E}.Release|Any CPU.Build.0 = Release|Any CPU
		{535EB76D-2AD2-4590-8DBA-A1FFBA14ABE3}.Debug|Any CPU.ActiveCfg = Debug|Any CPU
		{535EB76D-2AD2-4590-8DBA-A1FFBA14ABE3}.Debug|Any CPU.Build.0 = Debug|Any CPU
		{535EB76D-2AD2-4590-8DBA-A1FFBA14ABE3}.Release|Any CPU.ActiveCfg = Release|Any CPU
		{535EB76D-2AD2-4590-8DBA-A1FFBA14ABE3}.Release|Any CPU.Build.0 = Release|Any CPU
		{F92068E3-B714-4EAE-8D4A-51F4C73BCFFE}.Debug|Any CPU.ActiveCfg = Debug|Any CPU
		{F92068E3-B714-4EAE-8D4A-51F4C73BCFFE}.Debug|Any CPU.Build.0 = Debug|Any CPU
		{F92068E3-B714-4EAE-8D4A-51F4C73BCFFE}.Release|Any CPU.ActiveCfg = Release|Any CPU
		{F92068E3-B714-4EAE-8D4A-51F4C73BCFFE}.Release|Any CPU.Build.0 = Release|Any CPU
	EndGlobalSection
EndGlobal
